// !$*UTF8*$!
{
	archiveVersion = 1;
	classes = {
	};
	objectVersion = 46;
	objects = {

/* Begin PBXBuildFile section */
		D0EDC3B11B1F405B00A263AB /* main.m in Sources */ = {isa = PBXBuildFile; fileRef = D0EDC3B01B1F405B00A263AB /* main.m */; };
		D0EDC3B41B1F405B00A263AB /* AppDelegate.m in Sources */ = {isa = PBXBuildFile; fileRef = D0EDC3B31B1F405B00A263AB /* AppDelegate.m */; };
		D0EDC3B71B1F405B00A263AB /* ViewController.m in Sources */ = {isa = PBXBuildFile; fileRef = D0EDC3B61B1F405B00A263AB /* ViewController.m */; };
		D0EDC3BA1B1F405B00A263AB /* Main.storyboard in Resources */ = {isa = PBXBuildFile; fileRef = D0EDC3B81B1F405B00A263AB /* Main.storyboard */; };
		D0EDC3BC1B1F405B00A263AB /* Images.xcassets in Resources */ = {isa = PBXBuildFile; fileRef = D0EDC3BB1B1F405B00A263AB /* Images.xcassets */; };
		D0EDC3BF1B1F405B00A263AB /* LaunchScreen.xib in Resources */ = {isa = PBXBuildFile; fileRef = D0EDC3BD1B1F405B00A263AB /* LaunchScreen.xib */; };
		D0EDC3CB1B1F405B00A263AB /* PokedexTests.m in Sources */ = {isa = PBXBuildFile; fileRef = D0EDC3CA1B1F405B00A263AB /* PokedexTests.m */; };
		D0EDC3DA1B1F840B00A263AB /* PokemonCard.m in Sources */ = {isa = PBXBuildFile; fileRef = D0EDC3D91B1F840B00A263AB /* PokemonCard.m */; };
		D0EDC3E01B1FA3AE00A263AB /* PokemonCardDeck.m in Sources */ = {isa = PBXBuildFile; fileRef = D0EDC3DF1B1FA3AE00A263AB /* PokemonCardDeck.m */; };
/* End PBXBuildFile section */

/* Begin PBXContainerItemProxy section */
		D0EDC3C51B1F405B00A263AB /* PBXContainerItemProxy */ = {
			isa = PBXContainerItemProxy;
			containerPortal = D0EDC3A31B1F405B00A263AB /* Project object */;
			proxyType = 1;
			remoteGlobalIDString = D0EDC3AA1B1F405B00A263AB;
			remoteInfo = Pokedex;
		};
/* End PBXContainerItemProxy section */

/* Begin PBXFileReference section */
		D0EDC3AB1B1F405B00A263AB /* Pokedex.app */ = {isa = PBXFileReference; explicitFileType = wrapper.application; includeInIndex = 0; path = Pokedex.app; sourceTree = BUILT_PRODUCTS_DIR; };
		D0EDC3AF1B1F405B00A263AB /* Info.plist */ = {isa = PBXFileReference; lastKnownFileType = text.plist.xml; path = Info.plist; sourceTree = "<group>"; };
		D0EDC3B01B1F405B00A263AB /* main.m */ = {isa = PBXFileReference; lastKnownFileType = sourcecode.c.objc; path = main.m; sourceTree = "<group>"; };
		D0EDC3B21B1F405B00A263AB /* AppDelegate.h */ = {isa = PBXFileReference; lastKnownFileType = sourcecode.c.h; path = AppDelegate.h; sourceTree = "<group>"; };
		D0EDC3B31B1F405B00A263AB /* AppDelegate.m */ = {isa = PBXFileReference; lastKnownFileType = sourcecode.c.objc; path = AppDelegate.m; sourceTree = "<group>"; };
		D0EDC3B51B1F405B00A263AB /* ViewController.h */ = {isa = PBXFileReference; lastKnownFileType = sourcecode.c.h; path = ViewController.h; sourceTree = "<group>"; };
		D0EDC3B61B1F405B00A263AB /* ViewController.m */ = {isa = PBXFileReference; lastKnownFileType = sourcecode.c.objc; path = ViewController.m; sourceTree = "<group>"; };
		D0EDC3B91B1F405B00A263AB /* Base */ = {isa = PBXFileReference; lastKnownFileType = file.storyboard; name = Base; path = Base.lproj/Main.storyboard; sourceTree = "<group>"; };
		D0EDC3BB1B1F405B00A263AB /* Images.xcassets */ = {isa = PBXFileReference; lastKnownFileType = folder.assetcatalog; path = Images.xcassets; sourceTree = "<group>"; };
		D0EDC3BE1B1F405B00A263AB /* Base */ = {isa = PBXFileReference; lastKnownFileType = file.xib; name = Base; path = Base.lproj/LaunchScreen.xib; sourceTree = "<group>"; };
		D0EDC3C41B1F405B00A263AB /* PokedexTests.xctest */ = {isa = PBXFileReference; explicitFileType = wrapper.cfbundle; includeInIndex = 0; path = PokedexTests.xctest; sourceTree = BUILT_PRODUCTS_DIR; };
		D0EDC3C91B1F405B00A263AB /* Info.plist */ = {isa = PBXFileReference; lastKnownFileType = text.plist.xml; path = Info.plist; sourceTree = "<group>"; };
		D0EDC3CA1B1F405B00A263AB /* PokedexTests.m */ = {isa = PBXFileReference; lastKnownFileType = sourcecode.c.objc; path = PokedexTests.m; sourceTree = "<group>"; };
		D0EDC3D81B1F840B00A263AB /* PokemonCard.h */ = {isa = PBXFileReference; fileEncoding = 4; lastKnownFileType = sourcecode.c.h; name = PokemonCard.h; path = Model/PokemonCard.h; sourceTree = "<group>"; };
		D0EDC3D91B1F840B00A263AB /* PokemonCard.m */ = {isa = PBXFileReference; fileEncoding = 4; lastKnownFileType = sourcecode.c.objc; name = PokemonCard.m; path = Model/PokemonCard.m; sourceTree = "<group>"; };
		D0EDC3DE1B1FA3AE00A263AB /* PokemonCardDeck.h */ = {isa = PBXFileReference; fileEncoding = 4; lastKnownFileType = sourcecode.c.h; name = PokemonCardDeck.h; path = Model/PokemonCardDeck.h; sourceTree = "<group>"; };
		D0EDC3DF1B1FA3AE00A263AB /* PokemonCardDeck.m */ = {isa = PBXFileReference; fileEncoding = 4; lastKnownFileType = sourcecode.c.objc; name = PokemonCardDeck.m; path = Model/PokemonCardDeck.m; sourceTree = "<group>"; };
/* End PBXFileReference section */

/* Begin PBXFrameworksBuildPhase section */
		D0EDC3A81B1F405B00A263AB /* Frameworks */ = {
			isa = PBXFrameworksBuildPhase;
			buildActionMask = 2147483647;
			files = (
			);
			runOnlyForDeploymentPostprocessing = 0;
		};
		D0EDC3C11B1F405B00A263AB /* Frameworks */ = {
			isa = PBXFrameworksBuildPhase;
			buildActionMask = 2147483647;
			files = (
			);
			runOnlyForDeploymentPostprocessing = 0;
		};
/* End PBXFrameworksBuildPhase section */

/* Begin PBXGroup section */
		D0EDC3A21B1F405B00A263AB = {
			isa = PBXGroup;
			children = (
				D0EDC3AD1B1F405B00A263AB /* Pokedex */,
				D0EDC3C71B1F405B00A263AB /* PokedexTests */,
				D0EDC3AC1B1F405B00A263AB /* Products */,
			);
			sourceTree = "<group>";
		};
		D0EDC3AC1B1F405B00A263AB /* Products */ = {
			isa = PBXGroup;
			children = (
				D0EDC3AB1B1F405B00A263AB /* Pokedex.app */,
				D0EDC3C41B1F405B00A263AB /* PokedexTests.xctest */,
			);
			name = Products;
			sourceTree = "<group>";
		};
		D0EDC3AD1B1F405B00A263AB /* Pokedex */ = {
			isa = PBXGroup;
			children = (
				D0EDC3B51B1F405B00A263AB /* ViewController.h */,
				D0EDC3B61B1F405B00A263AB /* ViewController.m */,
				D0EDC3B81B1F405B00A263AB /* Main.storyboard */,
				D0EDC3D71B1F7EAE00A263AB /* Model */,
				D0EDC3BB1B1F405B00A263AB /* Images.xcassets */,
				D0EDC3BD1B1F405B00A263AB /* LaunchScreen.xib */,
				D0EDC3AE1B1F405B00A263AB /* Supporting Files */,
			);
			path = Pokedex;
			sourceTree = "<group>";
		};
		D0EDC3AE1B1F405B00A263AB /* Supporting Files */ = {
			isa = PBXGroup;
			children = (
				D0EDC3B21B1F405B00A263AB /* AppDelegate.h */,
				D0EDC3B31B1F405B00A263AB /* AppDelegate.m */,
				D0EDC3AF1B1F405B00A263AB /* Info.plist */,
				D0EDC3B01B1F405B00A263AB /* main.m */,
			);
			name = "Supporting Files";
			sourceTree = "<group>";
		};
		D0EDC3C71B1F405B00A263AB /* PokedexTests */ = {
			isa = PBXGroup;
			children = (
				D0EDC3CA1B1F405B00A263AB /* PokedexTests.m */,
				D0EDC3C81B1F405B00A263AB /* Supporting Files */,
			);
			path = PokedexTests;
			sourceTree = "<group>";
		};
		D0EDC3C81B1F405B00A263AB /* Supporting Files */ = {
			isa = PBXGroup;
			children = (
				D0EDC3C91B1F405B00A263AB /* Info.plist */,
			);
			name = "Supporting Files";
			sourceTree = "<group>";
		};
		D0EDC3D71B1F7EAE00A263AB /* Model */ = {
			isa = PBXGroup;
			children = (
				D0EDC3D81B1F840B00A263AB /* PokemonCard.h */,
				D0EDC3D91B1F840B00A263AB /* PokemonCard.m */,
				D0EDC3DE1B1FA3AE00A263AB /* PokemonCardDeck.h */,
				D0EDC3DF1B1FA3AE00A263AB /* PokemonCardDeck.m */,
			);
			name = Model;
			sourceTree = "<group>";
		};
/* End PBXGroup section */

/* Begin PBXNativeTarget section */
		D0EDC3AA1B1F405B00A263AB /* Pokedex */ = {
			isa = PBXNativeTarget;
			buildConfigurationList = D0EDC3CE1B1F405B00A263AB /* Build configuration list for PBXNativeTarget "Pokedex" */;
			buildPhases = (
				D0EDC3A71B1F405B00A263AB /* Sources */,
				D0EDC3A81B1F405B00A263AB /* Frameworks */,
				D0EDC3A91B1F405B00A263AB /* Resources */,
			);
			buildRules = (
			);
			dependencies = (
			);
			name = Pokedex;
			productName = Pokedex;
			productReference = D0EDC3AB1B1F405B00A263AB /* Pokedex.app */;
			productType = "com.apple.product-type.application";
		};
		D0EDC3C31B1F405B00A263AB /* PokedexTests */ = {
			isa = PBXNativeTarget;
			buildConfigurationList = D0EDC3D11B1F405B00A263AB /* Build configuration list for PBXNativeTarget "PokedexTests" */;
			buildPhases = (
				D0EDC3C01B1F405B00A263AB /* Sources */,
				D0EDC3C11B1F405B00A263AB /* Frameworks */,
				D0EDC3C21B1F405B00A263AB /* Resources */,
			);
			buildRules = (
			);
			dependencies = (
				D0EDC3C61B1F405B00A263AB /* PBXTargetDependency */,
			);
			name = PokedexTests;
			productName = PokedexTests;
			productReference = D0EDC3C41B1F405B00A263AB /* PokedexTests.xctest */;
			productType = "com.apple.product-type.bundle.unit-test";
		};
/* End PBXNativeTarget section */

/* Begin PBXProject section */
		D0EDC3A31B1F405B00A263AB /* Project object */ = {
			isa = PBXProject;
			attributes = {
				LastUpgradeCheck = 0630;
				ORGANIZATIONNAME = "Patrick Matherly";
				TargetAttributes = {
					D0EDC3AA1B1F405B00A263AB = {
						CreatedOnToolsVersion = 6.3.2;
					};
					D0EDC3C31B1F405B00A263AB = {
						CreatedOnToolsVersion = 6.3.2;
						TestTargetID = D0EDC3AA1B1F405B00A263AB;
					};
				};
			};
			buildConfigurationList = D0EDC3A61B1F405B00A263AB /* Build configuration list for PBXProject "Pokedex" */;
			compatibilityVersion = "Xcode 3.2";
			developmentRegion = English;
			hasScannedForEncodings = 0;
			knownRegions = (
				en,
				Base,
			);
			mainGroup = D0EDC3A21B1F405B00A263AB;
			productRefGroup = D0EDC3AC1B1F405B00A263AB /* Products */;
			projectDirPath = "";
			projectRoot = "";
			targets = (
				D0EDC3AA1B1F405B00A263AB /* Pokedex */,
				D0EDC3C31B1F405B00A263AB /* PokedexTests */,
			);
		};
/* End PBXProject section */

/* Begin PBXResourcesBuildPhase section */
		D0EDC3A91B1F405B00A263AB /* Resources */ = {
			isa = PBXResourcesBuildPhase;
			buildActionMask = 2147483647;
			files = (
				D0EDC3BA1B1F405B00A263AB /* Main.storyboard in Resources */,
				D0EDC3BF1B1F405B00A263AB /* LaunchScreen.xib in Resources */,
				D0EDC3BC1B1F405B00A263AB /* Images.xcassets in Resources */,
			);
			runOnlyForDeploymentPostprocessing = 0;
		};
		D0EDC3C21B1F405B00A263AB /* Resources */ = {
			isa = PBXResourcesBuildPhase;
			buildActionMask = 2147483647;
			files = (
			);
			runOnlyForDeploymentPostprocessing = 0;
		};
/* End PBXResourcesBuildPhase section */

/* Begin PBXSourcesBuildPhase section */
		D0EDC3A71B1F405B00A263AB /* Sources */ = {
			isa = PBXSourcesBuildPhase;
			buildActionMask = 2147483647;
			files = (
				D0EDC3B71B1F405B00A263AB /* ViewController.m in Sources */,
				D0EDC3B41B1F405B00A263AB /* AppDelegate.m in Sources */,
				D0EDC3B11B1F405B00A263AB /* main.m in Sources */,
				D0EDC3E01B1FA3AE00A263AB /* PokemonCardDeck.m in Sources */,
				D0EDC3DA1B1F840B00A263AB /* PokemonCard.m in Sources */,
			);
			runOnlyForDeploymentPostprocessing = 0;
		};
		D0EDC3C01B1F405B00A263AB /* Sources */ = {
			isa = PBXSourcesBuildPhase;
			buildActionMask = 2147483647;
			files = (
				D0EDC3CB1B1F405B00A263AB /* PokedexTests.m in Sources */,
			);
			runOnlyForDeploymentPostprocessing = 0;
		};
/* End PBXSourcesBuildPhase section */

/* Begin PBXTargetDependency section */
		D0EDC3C61B1F405B00A263AB /* PBXTargetDependency */ = {
			isa = PBXTargetDependency;
			target = D0EDC3AA1B1F405B00A263AB /* Pokedex */;
			targetProxy = D0EDC3C51B1F405B00A263AB /* PBXContainerItemProxy */;
		};
/* End PBXTargetDependency section */

/* Begin PBXVariantGroup section */
		D0EDC3B81B1F405B00A263AB /* Main.storyboard */ = {
			isa = PBXVariantGroup;
			children = (
				D0EDC3B91B1F405B00A263AB /* Base */,
			);
			name = Main.storyboard;
			sourceTree = "<group>";
		};
		D0EDC3BD1B1F405B00A263AB /* LaunchScreen.xib */ = {
			isa = PBXVariantGroup;
			children = (
				D0EDC3BE1B1F405B00A263AB /* Base */,
			);
			name = LaunchScreen.xib;
			sourceTree = "<group>";
		};
/* End PBXVariantGroup section */

/* Begin XCBuildConfiguration section */
		D0EDC3CC1B1F405B00A263AB /* Debug */ = {
			isa = XCBuildConfiguration;
			buildSettings = {
				ALWAYS_SEARCH_USER_PATHS = NO;
				CLANG_CXX_LANGUAGE_STANDARD = "gnu++0x";
				CLANG_CXX_LIBRARY = "libc++";
				CLANG_ENABLE_MODULES = YES;
				CLANG_ENABLE_OBJC_ARC = YES;
				CLANG_WARN_BOOL_CONVERSION = YES;
				CLANG_WARN_CONSTANT_CONVERSION = YES;
				CLANG_WARN_DIRECT_OBJC_ISA_USAGE = YES_ERROR;
				CLANG_WARN_EMPTY_BODY = YES;
				CLANG_WARN_ENUM_CONVERSION = YES;
				CLANG_WARN_INT_CONVERSION = YES;
				CLANG_WARN_OBJC_ROOT_CLASS = YES_ERROR;
				CLANG_WARN_UNREACHABLE_CODE = YES;
				CLANG_WARN__DUPLICATE_METHOD_MATCH = YES;
				"CODE_SIGN_IDENTITY[sdk=iphoneos*]" = "iPhone Developer";
				COPY_PHASE_STRIP = NO;
				DEBUG_INFORMATION_FORMAT = "dwarf-with-dsym";
				ENABLE_STRICT_OBJC_MSGSEND = YES;
				GCC_C_LANGUAGE_STANDARD = gnu99;
				GCC_DYNAMIC_NO_PIC = NO;
				GCC_NO_COMMON_BLOCKS = YES;
				GCC_OPTIMIZATION_LEVEL = 0;
				GCC_PREPROCESSOR_DEFINITIONS = (
					"DEBUG=1",
					"$(inherited)",
				);
				GCC_SYMBOLS_PRIVATE_EXTERN = NO;
				GCC_WARN_64_TO_32_BIT_CONVERSION = YES;
				GCC_WARN_ABOUT_RETURN_TYPE = YES_ERROR;
				GCC_WARN_UNDECLARED_SELECTOR = YES;
				GCC_WARN_UNINITIALIZED_AUTOS = YES_AGGRESSIVE;
				GCC_WARN_UNUSED_FUNCTION = YES;
				GCC_WARN_UNUSED_VARIABLE = YES;
				IPHONEOS_DEPLOYMENT_TARGET = 8.3;
				MTL_ENABLE_DEBUG_INFO = YES;
				ONLY_ACTIVE_ARCH = YES;
				SDKROOT = iphoneos;
			};
			name = Debug;
		};
		D0EDC3CD1B1F405B00A263AB /* Release */ = {
			isa = XCBuildConfiguration;
			buildSettings = {
				ALWAYS_SEARCH_USER_PATHS = NO;
				CLANG_CXX_LANGUAGE_STANDARD = "gnu++0x";
				CLANG_CXX_LIBRARY = "libc++";
				CLANG_ENABLE_MODULES = YES;
				CLANG_ENABLE_OBJC_ARC = YES;
				CLANG_WARN_BOOL_CONVERSION = YES;
				CLANG_WARN_CONSTANT_CONVERSION = YES;
				CLANG_WARN_DIRECT_OBJC_ISA_USAGE = YES_ERROR;
				CLANG_WARN_EMPTY_BODY = YES;
				CLANG_WARN_ENUM_CONVERSION = YES;
				CLANG_WARN_INT_CONVERSION = YES;
				CLANG_WARN_OBJC_ROOT_CLASS = YES_ERROR;
				CLANG_WARN_UNREACHABLE_CODE = YES;
				CLANG_WARN__DUPLICATE_METHOD_MATCH = YES;
				"CODE_SIGN_IDENTITY[sdk=iphoneos*]" = "iPhone Developer";
				COPY_PHASE_STRIP = NO;
				DEBUG_INFORMATION_FORMAT = "dwarf-with-dsym";
				ENABLE_NS_ASSERTIONS = NO;
				ENABLE_STRICT_OBJC_MSGSEND = YES;
				GCC_C_LANGUAGE_STANDARD = gnu99;
				GCC_NO_COMMON_BLOCKS = YES;
				GCC_WARN_64_TO_32_BIT_CONVERSION = YES;
				GCC_WARN_ABOUT_RETURN_TYPE = YES_ERROR;
				GCC_WARN_UNDECLARED_SELECTOR = YES;
				GCC_WARN_UNINITIALIZED_AUTOS = YES_AGGRESSIVE;
				GCC_WARN_UNUSED_FUNCTION = YES;
				GCC_WARN_UNUSED_VARIABLE = YES;
				IPHONEOS_DEPLOYMENT_TARGET = 8.3;
				MTL_ENABLE_DEBUG_INFO = NO;
				SDKROOT = iphoneos;
				VALIDATE_PRODUCT = YES;
			};
			name = Release;
		};
		D0EDC3CF1B1F405B00A263AB /* Debug */ = {
			isa = XCBuildConfiguration;
			buildSettings = {
				ASSETCATALOG_COMPILER_APPICON_NAME = AppIcon;
				INFOPLIST_FILE = Pokedex/Info.plist;
				LD_RUNPATH_SEARCH_PATHS = "$(inherited) @executable_path/Frameworks";
				PRODUCT_NAME = "$(TARGET_NAME)";
			};
			name = Debug;
		};
		D0EDC3D01B1F405B00A263AB /* Release */ = {
			isa = XCBuildConfiguration;
			buildSettings = {
				ASSETCATALOG_COMPILER_APPICON_NAME = AppIcon;
				INFOPLIST_FILE = Pokedex/Info.plist;
				LD_RUNPATH_SEARCH_PATHS = "$(inherited) @executable_path/Frameworks";
				PRODUCT_NAME = "$(TARGET_NAME)";
			};
			name = Release;
		};
		D0EDC3D21B1F405B00A263AB /* Debug */ = {
			isa = XCBuildConfiguration;
			buildSettings = {
				BUNDLE_LOADER = "$(TEST_HOST)";
				FRAMEWORK_SEARCH_PATHS = (
					"$(SDKROOT)/Developer/Library/Frameworks",
					"$(inherited)",
				);
				GCC_PREPROCESSOR_DEFINITIONS = (
					"DEBUG=1",
					"$(inherited)",
				);
				INFOPLIST_FILE = PokedexTests/Info.plist;
				LD_RUNPATH_SEARCH_PATHS = "$(inherited) @executable_path/Frameworks @loader_path/Frameworks";
				PRODUCT_NAME = "$(TARGET_NAME)";
				TEST_HOST = "$(BUILT_PRODUCTS_DIR)/Pokedex.app/Pokedex";
			};
			name = Debug;
		};
		D0EDC3D31B1F405B00A263AB /* Release */ = {
			isa = XCBuildConfiguration;
			buildSettings = {
				BUNDLE_LOADER = "$(TEST_HOST)";
				FRAMEWORK_SEARCH_PATHS = (
					"$(SDKROOT)/Developer/Library/Frameworks",
					"$(inherited)",
				);
				INFOPLIST_FILE = PokedexTests/Info.plist;
				LD_RUNPATH_SEARCH_PATHS = "$(inherited) @executable_path/Frameworks @loader_path/Frameworks";
				PRODUCT_NAME = "$(TARGET_NAME)";
				TEST_HOST = "$(BUILT_PRODUCTS_DIR)/Pokedex.app/Pokedex";
			};
			name = Release;
		};
/* End XCBuildConfiguration section */

/* Begin XCConfigurationList section */
		D0EDC3A61B1F405B00A263AB /* Build configuration list for PBXProject "Pokedex" */ = {
			isa = XCConfigurationList;
			buildConfigurations = (
				D0EDC3CC1B1F405B00A263AB /* Debug */,
				D0EDC3CD1B1F405B00A263AB /* Release */,
			);
			defaultConfigurationIsVisible = 0;
			defaultConfigurationName = Release;
		};
		D0EDC3CE1B1F405B00A263AB /* Build configuration list for PBXNativeTarget "Pokedex" */ = {
			isa = XCConfigurationList;
			buildConfigurations = (
				D0EDC3CF1B1F405B00A263AB /* Debug */,
				D0EDC3D01B1F405B00A263AB /* Release */,
			);
			defaultConfigurationIsVisible = 0;
			defaultConfigurationName = Release;
		};
		D0EDC3D11B1F405B00A263AB /* Build configuration list for PBXNativeTarget "PokedexTests" */ = {
			isa = XCConfigurationList;
			buildConfigurations = (
				D0EDC3D21B1F405B00A263AB /* Debug */,
				D0EDC3D31B1F405B00A263AB /* Release */,
			);
			defaultConfigurationIsVisible = 0;
			defaultConfigurationName = Release;
		};
/* End XCConfigurationList section */
	};
	rootObject = D0EDC3A31B1F405B00A263AB /* Project object */;
}
